// !$*UTF8*$!
{
	archiveVersion = 1;
	classes = {
	};
	objectVersion = 46;
	objects = {

/* Begin PBXBuildFile section */
		1EF946DE1E569C3C005BCBB2 /* AppDelegate.swift in Sources */ = {isa = PBXBuildFile; fileRef = 1EF946DD1E569C3C005BCBB2 /* AppDelegate.swift */; };
		1EF946E01E569C3C005BCBB2 /* ViewController.swift in Sources */ = {isa = PBXBuildFile; fileRef = 1EF946DF1E569C3C005BCBB2 /* ViewController.swift */; };
		1EF946E31E569C3C005BCBB2 /* Main.storyboard in Resources */ = {isa = PBXBuildFile; fileRef = 1EF946E11E569C3C005BCBB2 /* Main.storyboard */; };
		1EF946E51E569C3C005BCBB2 /* Assets.xcassets in Resources */ = {isa = PBXBuildFile; fileRef = 1EF946E41E569C3C005BCBB2 /* Assets.xcassets */; };
		1EF946E81E569C3C005BCBB2 /* LaunchScreen.storyboard in Resources */ = {isa = PBXBuildFile; fileRef = 1EF946E61E569C3C005BCBB2 /* LaunchScreen.storyboard */; };
		1EF946F71E569EA4005BCBB2 /* bird0.png in Resources */ = {isa = PBXBuildFile; fileRef = 1EF946F01E569EA4005BCBB2 /* bird0.png */; };
		1EF946F81E569EA4005BCBB2 /* bird1.png in Resources */ = {isa = PBXBuildFile; fileRef = 1EF946F11E569EA4005BCBB2 /* bird1.png */; };
		1EF946F91E569EA4005BCBB2 /* bird2.png in Resources */ = {isa = PBXBuildFile; fileRef = 1EF946F21E569EA4005BCBB2 /* bird2.png */; };
		1EF946FA1E569EA4005BCBB2 /* bird3.png in Resources */ = {isa = PBXBuildFile; fileRef = 1EF946F31E569EA4005BCBB2 /* bird3.png */; };
		1EF946FB1E569EA4005BCBB2 /* bird4.png in Resources */ = {isa = PBXBuildFile; fileRef = 1EF946F41E569EA4005BCBB2 /* bird4.png */; };
		1EF946FC1E569EA4005BCBB2 /* bird5.png in Resources */ = {isa = PBXBuildFile; fileRef = 1EF946F51E569EA4005BCBB2 /* bird5.png */; };
		1EF946FD1E569EA4005BCBB2 /* jungle.jpg in Resources */ = {isa = PBXBuildFile; fileRef = 1EF946F61E569EA4005BCBB2 /* jungle.jpg */; };
		1EF946FF1E56B261005BCBB2 /* music.mp3 in Resources */ = {isa = PBXBuildFile; fileRef = 1EF946FE1E56B261005BCBB2 /* music.mp3 */; };
/* End PBXBuildFile section */

/* Begin PBXFileReference section */
		1EF946DA1E569C3C005BCBB2 /* ChimBay.app */ = {isa = PBXFileReference; explicitFileType = wrapper.application; includeInIndex = 0; path = ChimBay.app; sourceTree = BUILT_PRODUCTS_DIR; };
		1EF946DD1E569C3C005BCBB2 /* AppDelegate.swift */ = {isa = PBXFileReference; lastKnownFileType = sourcecode.swift; path = AppDelegate.swift; sourceTree = "<group>"; };
		1EF946DF1E569C3C005BCBB2 /* ViewController.swift */ = {isa = PBXFileReference; lastKnownFileType = sourcecode.swift; path = ViewController.swift; sourceTree = "<group>"; };
		1EF946E21E569C3C005BCBB2 /* Base */ = {isa = PBXFileReference; lastKnownFileType = file.storyboard; name = Base; path = Base.lproj/Main.storyboard; sourceTree = "<group>"; };
		1EF946E41E569C3C005BCBB2 /* Assets.xcassets */ = {isa = PBXFileReference; lastKnownFileType = folder.assetcatalog; path = Assets.xcassets; sourceTree = "<group>"; };
		1EF946E71E569C3C005BCBB2 /* Base */ = {isa = PBXFileReference; lastKnownFileType = file.storyboard; name = Base; path = Base.lproj/LaunchScreen.storyboard; sourceTree = "<group>"; };
		1EF946E91E569C3C005BCBB2 /* Info.plist */ = {isa = PBXFileReference; lastKnownFileType = text.plist.xml; path = Info.plist; sourceTree = "<group>"; };
		1EF946F01E569EA4005BCBB2 /* bird0.png */ = {isa = PBXFileReference; lastKnownFileType = image.png; path = bird0.png; sourceTree = "<group>"; };
		1EF946F11E569EA4005BCBB2 /* bird1.png */ = {isa = PBXFileReference; lastKnownFileType = image.png; path = bird1.png; sourceTree = "<group>"; };
		1EF946F21E569EA4005BCBB2 /* bird2.png */ = {isa = PBXFileReference; lastKnownFileType = image.png; path = bird2.png; sourceTree = "<group>"; };
		1EF946F31E569EA4005BCBB2 /* bird3.png */ = {isa = PBXFileReference; lastKnownFileType = image.png; path = bird3.png; sourceTree = "<group>"; };
		1EF946F41E569EA4005BCBB2 /* bird4.png */ = {isa = PBXFileReference; lastKnownFileType = image.png; path = bird4.png; sourceTree = "<group>"; };
		1EF946F51E569EA4005BCBB2 /* bird5.png */ = {isa = PBXFileReference; lastKnownFileType = image.png; path = bird5.png; sourceTree = "<group>"; };
		1EF946F61E569EA4005BCBB2 /* jungle.jpg */ = {isa = PBXFileReference; lastKnownFileType = image.jpeg; path = jungle.jpg; sourceTree = "<group>"; };
		1EF946FE1E56B261005BCBB2 /* music.mp3 */ = {isa = PBXFileReference; lastKnownFileType = audio.mp3; path = music.mp3; sourceTree = "<group>"; };
/* End PBXFileReference section */

/* Begin PBXFrameworksBuildPhase section */
		1EF946D71E569C3C005BCBB2 /* Frameworks */ = {
			isa = PBXFrameworksBuildPhase;
			buildActionMask = 2147483647;
			files = (
			);
			runOnlyForDeploymentPostprocessing = 0;
		};
/* End PBXFrameworksBuildPhase section */

/* Begin PBXGroup section */
		1EF946D11E569C3C005BCBB2 = {
			isa = PBXGroup;
			children = (
				1EF946DC1E569C3C005BCBB2 /* ChimBay */,
				1EF946DB1E569C3C005BCBB2 /* Products */,
			);
			sourceTree = "<group>";
		};
		1EF946DB1E569C3C005BCBB2 /* Products */ = {
			isa = PBXGroup;
			children = (
				1EF946DA1E569C3C005BCBB2 /* ChimBay.app */,
			);
			name = Products;
			sourceTree = "<group>";
		};
		1EF946DC1E569C3C005BCBB2 /* ChimBay */ = {
			isa = PBXGroup;
			children = (
				1EF946FE1E56B261005BCBB2 /* music.mp3 */,
				1EF946EF1E569E8F005BCBB2 /* img */,
				1EF946DD1E569C3C005BCBB2 /* AppDelegate.swift */,
				1EF946DF1E569C3C005BCBB2 /* ViewController.swift */,
				1EF946E11E569C3C005BCBB2 /* Main.storyboard */,
				1EF946E41E569C3C005BCBB2 /* Assets.xcassets */,
				1EF946E61E569C3C005BCBB2 /* LaunchScreen.storyboard */,
				1EF946E91E569C3C005BCBB2 /* Info.plist */,
			);
			path = ChimBay;
			sourceTree = "<group>";
		};
		1EF946EF1E569E8F005BCBB2 /* img */ = {
			isa = PBXGroup;
			children = (
				1EF946F01E569EA4005BCBB2 /* bird0.png */,
				1EF946F11E569EA4005BCBB2 /* bird1.png */,
				1EF946F21E569EA4005BCBB2 /* bird2.png */,
				1EF946F31E569EA4005BCBB2 /* bird3.png */,
				1EF946F41E569EA4005BCBB2 /* bird4.png */,
				1EF946F51E569EA4005BCBB2 /* bird5.png */,
				1EF946F61E569EA4005BCBB2 /* jungle.jpg */,
			);
			name = img;
			sourceTree = "<group>";
		};
/* End PBXGroup section */

/* Begin PBXNativeTarget section */
		1EF946D91E569C3C005BCBB2 /* ChimBay */ = {
			isa = PBXNativeTarget;
			buildConfigurationList = 1EF946EC1E569C3C005BCBB2 /* Build configuration list for PBXNativeTarget "ChimBay" */;
			buildPhases = (
				1EF946D61E569C3C005BCBB2 /* Sources */,
				1EF946D71E569C3C005BCBB2 /* Frameworks */,
				1EF946D81E569C3C005BCBB2 /* Resources */,
			);
			buildRules = (
			);
			dependencies = (
			);
			name = ChimBay;
			productName = ChimBay;
			productReference = 1EF946DA1E569C3C005BCBB2 /* ChimBay.app */;
			productType = "com.apple.product-type.application";
		};
/* End PBXNativeTarget section */

/* Begin PBXProject section */
		1EF946D21E569C3C005BCBB2 /* Project object */ = {
			isa = PBXProject;
			attributes = {
				LastSwiftUpdateCheck = 0800;
				LastUpgradeCheck = 0800;
				ORGANIZATIONNAME = NKT;
				TargetAttributes = {
					1EF946D91E569C3C005BCBB2 = {
						CreatedOnToolsVersion = 8.0;
						DevelopmentTeam = H56BAM9VJW;
						ProvisioningStyle = Automatic;
					};
				};
			};
			buildConfigurationList = 1EF946D51E569C3C005BCBB2 /* Build configuration list for PBXProject "ChimBay" */;
			compatibilityVersion = "Xcode 3.2";
			developmentRegion = English;
			hasScannedForEncodings = 0;
			knownRegions = (
				en,
				Base,
			);
			mainGroup = 1EF946D11E569C3C005BCBB2;
			productRefGroup = 1EF946DB1E569C3C005BCBB2 /* Products */;
			projectDirPath = "";
			projectRoot = "";
			targets = (
				1EF946D91E569C3C005BCBB2 /* ChimBay */,
			);
		};
/* End PBXProject section */

/* Begin PBXResourcesBuildPhase section */
		1EF946D81E569C3C005BCBB2 /* Resources */ = {
			isa = PBXResourcesBuildPhase;
			buildActionMask = 2147483647;
			files = (
				1EF946F81E569EA4005BCBB2 /* bird1.png in Resources */,
				1EF946FF1E56B261005BCBB2 /* music.mp3 in Resources */,
				1EF946FB1E569EA4005BCBB2 /* bird4.png in Resources */,
				1EF946FC1E569EA4005BCBB2 /* bird5.png in Resources */,
				1EF946E81E569C3C005BCBB2 /* LaunchScreen.storyboard in Resources */,
				1EF946FD1E569EA4005BCBB2 /* jungle.jpg in Resources */,
				1EF946F71E569EA4005BCBB2 /* bird0.png in Resources */,
				1EF946E51E569C3C005BCBB2 /* Assets.xcassets in Resources */,
				1EF946E31E569C3C005BCBB2 /* Main.storyboard in Resources */,
				1EF946FA1E569EA4005BCBB2 /* bird3.png in Resources */,
				1EF946F91E569EA4005BCBB2 /* bird2.png in Resources */,
			);
			runOnlyForDeploymentPostprocessing = 0;
		};
/* End PBXResourcesBuildPhase section */

/* Begin PBXSourcesBuildPhase section */
		1EF946D61E569C3C005BCBB2 /* Sources */ = {
			isa = PBXSourcesBuildPhase;
			buildActionMask = 2147483647;
			files = (
				1EF946E01E569C3C005BCBB2 /* ViewController.swift in Sources */,
				1EF946DE1E569C3C005BCBB2 /* AppDelegate.swift in Sources */,
			);
			runOnlyForDeploymentPostprocessing = 0;
		};
/* End PBXSourcesBuildPhase section */

/* Begin PBXVariantGroup section */
		1EF946E11E569C3C005BCBB2 /* Main.storyboard */ = {
			isa = PBXVariantGroup;
			children = (
				1EF946E21E569C3C005BCBB2 /* Base */,
			);
			name = Main.storyboard;
			sourceTree = "<group>";
		};
		1EF946E61E569C3C005BCBB2 /* LaunchScreen.storyboard */ = {
			isa = PBXVariantGroup;
			children = (
				1EF946E71E569C3C005BCBB2 /* Base */,
			);
			name = LaunchScreen.storyboard;
			sourceTree = "<group>";
		};
/* End PBXVariantGroup section */

/* Begin XCBuildConfiguration section */
		1EF946EA1E569C3C005BCBB2 /* Debug */ = {
			isa = XCBuildConfiguration;
			buildSettings = {
				ALWAYS_SEARCH_USER_PATHS = NO;
				CLANG_ANALYZER_NONNULL = YES;
				CLANG_CXX_LANGUAGE_STANDARD = "gnu++0x";
				CLANG_CXX_LIBRARY = "libc++";
				CLANG_ENABLE_MODULES = YES;
				CLANG_ENABLE_OBJC_ARC = YES;
				CLANG_WARN_BOOL_CONVERSION = YES;
				CLANG_WARN_CONSTANT_CONVERSION = YES;
				CLANG_WARN_DIRECT_OBJC_ISA_USAGE = YES_ERROR;
				CLANG_WARN_DOCUMENTATION_COMMENTS = YES;
				CLANG_WARN_EMPTY_BODY = YES;
				CLANG_WARN_ENUM_CONVERSION = YES;
				CLANG_WARN_INFINITE_RECURSION = YES;
				CLANG_WARN_INT_CONVERSION = YES;
				CLANG_WARN_OBJC_ROOT_CLASS = YES_ERROR;
				CLANG_WARN_SUSPICIOUS_MOVES = YES;
				CLANG_WARN_UNREACHABLE_CODE = YES;
				CLANG_WARN__DUPLICATE_METHOD_MATCH = YES;
				"CODE_SIGN_IDENTITY[sdk=iphoneos*]" = "iPhone Developer";
				COPY_PHASE_STRIP = NO;
				DEBUG_INFORMATION_FORMAT = dwarf;
				ENABLE_STRICT_OBJC_MSGSEND = YES;
				ENABLE_TESTABILITY = YES;
				GCC_C_LANGUAGE_STANDARD = gnu99;
				GCC_DYNAMIC_NO_PIC = NO;
				GCC_NO_COMMON_BLOCKS = YES;
				GCC_OPTIMIZATION_LEVEL = 0;
				GCC_PREPROCESSOR_DEFINITIONS = (
					"DEBUG=1",
					"$(inherited)",
				);
				GCC_WARN_64_TO_32_BIT_CONVERSION = YES;
				GCC_WARN_ABOUT_RETURN_TYPE = YES_ERROR;
				GCC_WARN_UNDECLARED_SELECTOR = YES;
				GCC_WARN_UNINITIALIZED_AUTOS = YES_AGGRESSIVE;
				GCC_WARN_UNUSED_FUNCTION = YES;
				GCC_WARN_UNUSED_VARIABLE = YES;
				IPHONEOS_DEPLOYMENT_TARGET = 10.0;
				MTL_ENABLE_DEBUG_INFO = YES;
				ONLY_ACTIVE_ARCH = YES;
				SDKROOT = iphoneos;
				SWIFT_ACTIVE_COMPILATION_CONDITIONS = DEBUG;
				SWIFT_OPTIMIZATION_LEVEL = "-Onone";
			};
			name = Debug;
		};
		1EF946EB1E569C3C005BCBB2 /* Release */ = {
			isa = XCBuildConfiguration;
			buildSettings = {
				ALWAYS_SEARCH_USER_PATHS = NO;
				CLANG_ANALYZER_NONNULL = YES;
				CLANG_CXX_LANGUAGE_STANDARD = "gnu++0x";
				CLANG_CXX_LIBRARY = "libc++";
				CLANG_ENABLE_MODULES = YES;
				CLANG_ENABLE_OBJC_ARC = YES;
				CLANG_WARN_BOOL_CONVERSION = YES;
				CLANG_WARN_CONSTANT_CONVERSION = YES;
				CLANG_WARN_DIRECT_OBJC_ISA_USAGE = YES_ERROR;
				CLANG_WARN_DOCUMENTATION_COMMENTS = YES;
				CLANG_WARN_EMPTY_BODY = YES;
				CLANG_WARN_ENUM_CONVERSION = YES;
				CLANG_WARN_INFINITE_RECURSION = YES;
				CLANG_WARN_INT_CONVERSION = YES;
				CLANG_WARN_OBJC_ROOT_CLASS = YES_ERROR;
				CLANG_WARN_SUSPICIOUS_MOVES = YES;
				CLANG_WARN_UNREACHABLE_CODE = YES;
				CLANG_WARN__DUPLICATE_METHOD_MATCH = YES;
				"CODE_SIGN_IDENTITY[sdk=iphoneos*]" = "iPhone Developer";
				COPY_PHASE_STRIP = NO;
				DEBUG_INFORMATION_FORMAT = "dwarf-with-dsym";
				ENABLE_NS_ASSERTIONS = NO;
				ENABLE_STRICT_OBJC_MSGSEND = YES;
				GCC_C_LANGUAGE_STANDARD = gnu99;
				GCC_NO_COMMON_BLOCKS = YES;
				GCC_WARN_64_TO_32_BIT_CONVERSION = YES;
				GCC_WARN_ABOUT_RETURN_TYPE = YES_ERROR;
				GCC_WARN_UNDECLARED_SELECTOR = YES;
				GCC_WARN_UNINITIALIZED_AUTOS = YES_AGGRESSIVE;
				GCC_WARN_UNUSED_FUNCTION = YES;
				GCC_WARN_UNUSED_VARIABLE = YES;
				IPHONEOS_DEPLOYMENT_TARGET = 10.0;
				MTL_ENABLE_DEBUG_INFO = NO;
				SDKROOT = iphoneos;
				SWIFT_OPTIMIZATION_LEVEL = "-Owholemodule";
				VALIDATE_PRODUCT = YES;
			};
			name = Release;
		};
		1EF946ED1E569C3C005BCBB2 /* Debug */ = {
			isa = XCBuildConfiguration;
			buildSettings = {
				ASSETCATALOG_COMPILER_APPICON_NAME = AppIcon;
				DEVELOPMENT_TEAM = H56BAM9VJW;
				INFOPLIST_FILE = ChimBay/Info.plist;
				LD_RUNPATH_SEARCH_PATHS = "$(inherited) @executable_path/Frameworks";
				PRODUCT_BUNDLE_IDENTIFIER = com.nkt.ChimBay;
				PRODUCT_NAME = "$(TARGET_NAME)";
				SWIFT_VERSION = 3.0;
			};
			name = Debug;
		};
		1EF946EE1E569C3C005BCBB2 /* Release */ = {
			isa = XCBuildConfiguration;
			buildSettings = {
				ASSETCATALOG_COMPILER_APPICON_NAME = AppIcon;
				DEVELOPMENT_TEAM = H56BAM9VJW;
				INFOPLIST_FILE = ChimBay/Info.plist;
				LD_RUNPATH_SEARCH_PATHS = "$(inherited) @executable_path/Frameworks";
				PRODUCT_BUNDLE_IDENTIFIER = com.nkt.ChimBay;
				PRODUCT_NAME = "$(TARGET_NAME)";
				SWIFT_VERSION = 3.0;
			};
			name = Release;
		};
/* End XCBuildConfiguration section */

/* Begin XCConfigurationList section */
		1EF946D51E569C3C005BCBB2 /* Build configuration list for PBXProject "ChimBay" */ = {
			isa = XCConfigurationList;
			buildConfigurations = (
				1EF946EA1E569C3C005BCBB2 /* Debug */,
				1EF946EB1E569C3C005BCBB2 /* Release */,
			);
			defaultConfigurationIsVisible = 0;
			defaultConfigurationName = Release;
		};
		1EF946EC1E569C3C005BCBB2 /* Build configuration list for PBXNativeTarget "ChimBay" */ = {
			isa = XCConfigurationList;
			buildConfigurations = (
				1EF946ED1E569C3C005BCBB2 /* Debug */,
				1EF946EE1E569C3C005BCBB2 /* Release */,
			);
			defaultConfigurationIsVisible = 0;
		};
/* End XCConfigurationList section */
	};
	rootObject = 1EF946D21E569C3C005BCBB2 /* Project object */;
}
